// !$*UTF8*$!
{
	archiveVersion = 1;
	classes = {
	};
	objectVersion = 46;
	objects = {

/* Begin PBXBuildFile section */
		4D04F7291CCE1017000D7805 /* HomeViewController.swift in Sources */ = {isa = PBXBuildFile; fileRef = 4D04F7281CCE1017000D7805 /* HomeViewController.swift */; };
		4D04F7301CCE14AD000D7805 /* AlStyle.swift in Sources */ = {isa = PBXBuildFile; fileRef = 4D04F72F1CCE14AD000D7805 /* AlStyle.swift */; };
		4D04F7321CCE153C000D7805 /* UIKit.framework in Frameworks */ = {isa = PBXBuildFile; fileRef = 4D04F7311CCE153C000D7805 /* UIKit.framework */; };
		4D04F7361CCE1FB4000D7805 /* SnapKit.framework in Frameworks */ = {isa = PBXBuildFile; fileRef = 4D04F7341CCE18D8000D7805 /* SnapKit.framework */; };
		4D04F7371CCE1FC3000D7805 /* SnapKit.framework in Resources */ = {isa = PBXBuildFile; fileRef = 4D04F7341CCE18D8000D7805 /* SnapKit.framework */; };
		4DDF22CD1CCE51E900650564 /* Constant.swift in Sources */ = {isa = PBXBuildFile; fileRef = 4DDF22CC1CCE51E900650564 /* Constant.swift */; };
		4DDF22CF1CCE525600650564 /* NormalExtension.swift in Sources */ = {isa = PBXBuildFile; fileRef = 4DDF22CE1CCE525600650564 /* NormalExtension.swift */; };
		4DDF22D31CCE52F700650564 /* XuKeyChain.swift in Sources */ = {isa = PBXBuildFile; fileRef = 4DDF22D01CCE52F700650564 /* XuKeyChain.swift */; };
		4DDF22D41CCE52F700650564 /* XuRegularExpression.swift in Sources */ = {isa = PBXBuildFile; fileRef = 4DDF22D11CCE52F700650564 /* XuRegularExpression.swift */; };
		4DDF22D51CCE52F700650564 /* XuUserDefault.swift in Sources */ = {isa = PBXBuildFile; fileRef = 4DDF22D21CCE52F700650564 /* XuUserDefault.swift */; };
		4DDF22D71CCE532800650564 /* XuAlamofire.swift in Sources */ = {isa = PBXBuildFile; fileRef = 4DDF22D61CCE532800650564 /* XuAlamofire.swift */; };
		4DDF22D91CCE53E900650564 /* XuTableViewSetting.swift in Sources */ = {isa = PBXBuildFile; fileRef = 4DDF22D81CCE53E900650564 /* XuTableViewSetting.swift */; };
		4DDF22DD1CCE544800650564 /* UIButton+Block.m in Sources */ = {isa = PBXBuildFile; fileRef = 4DDF22DC1CCE544800650564 /* UIButton+Block.m */; };
		4DDF22DF1CCE545C00650564 /* XuPickerView.swift in Sources */ = {isa = PBXBuildFile; fileRef = 4DDF22DE1CCE545C00650564 /* XuPickerView.swift */; };
		4DDF22E81CCE55BB00650564 /* CarInfomation.plist in Resources */ = {isa = PBXBuildFile; fileRef = 4DDF22E11CCE55BB00650564 /* CarInfomation.plist */; };
		4DDF22E91CCE55BB00650564 /* Carport.plist in Resources */ = {isa = PBXBuildFile; fileRef = 4DDF22E21CCE55BB00650564 /* Carport.plist */; };
		4DDF22EA1CCE55BB00650564 /* CarportState.plist in Resources */ = {isa = PBXBuildFile; fileRef = 4DDF22E31CCE55BB00650564 /* CarportState.plist */; };
		4DDF22EB1CCE55BB00650564 /* CityAndArea.plist in Resources */ = {isa = PBXBuildFile; fileRef = 4DDF22E41CCE55BB00650564 /* CityAndArea.plist */; };
		4DDF22EC1CCE55BB00650564 /* ParkingRecord.plist in Resources */ = {isa = PBXBuildFile; fileRef = 4DDF22E51CCE55BB00650564 /* ParkingRecord.plist */; };
		4DDF22ED1CCE55BB00650564 /* ParkState.plist in Resources */ = {isa = PBXBuildFile; fileRef = 4DDF22E61CCE55BB00650564 /* ParkState.plist */; };
		4DDF22EE1CCE55BB00650564 /* Violations.plist in Resources */ = {isa = PBXBuildFile; fileRef = 4DDF22E71CCE55BB00650564 /* Violations.plist */; };
		8FA288341CCCC5F600AB9CC5 /* AppDelegate.swift in Sources */ = {isa = PBXBuildFile; fileRef = 8FA288331CCCC5F600AB9CC5 /* AppDelegate.swift */; };
		8FA288361CCCC5F600AB9CC5 /* ViewController.swift in Sources */ = {isa = PBXBuildFile; fileRef = 8FA288351CCCC5F600AB9CC5 /* ViewController.swift */; };
		8FA2883B1CCCC5F600AB9CC5 /* Assets.xcassets in Resources */ = {isa = PBXBuildFile; fileRef = 8FA2883A1CCCC5F600AB9CC5 /* Assets.xcassets */; };
		8FA2883E1CCCC5F600AB9CC5 /* LaunchScreen.storyboard in Resources */ = {isa = PBXBuildFile; fileRef = 8FA2883C1CCCC5F600AB9CC5 /* LaunchScreen.storyboard */; };
		8FA288491CCCC5F700AB9CC5 /* iAutoLifeTests.swift in Sources */ = {isa = PBXBuildFile; fileRef = 8FA288481CCCC5F700AB9CC5 /* iAutoLifeTests.swift */; };
		8FA288541CCCC5F700AB9CC5 /* iAutoLifeUITests.swift in Sources */ = {isa = PBXBuildFile; fileRef = 8FA288531CCCC5F700AB9CC5 /* iAutoLifeUITests.swift */; };
		8FA288621CCCC6A000AB9CC5 /* MainViewController.swift in Sources */ = {isa = PBXBuildFile; fileRef = 8FA288611CCCC6A000AB9CC5 /* MainViewController.swift */; };
		8FA288641CCCC7BE00AB9CC5 /* SwiftColors.swift in Sources */ = {isa = PBXBuildFile; fileRef = 8FA288631CCCC7BE00AB9CC5 /* SwiftColors.swift */; };
		C35AD8F5BF9487E8582ED315 /* Pods.framework in Frameworks */ = {isa = PBXBuildFile; fileRef = 3221CC876F77F5A824BA728B /* Pods.framework */; };
/* End PBXBuildFile section */

/* Begin PBXContainerItemProxy section */
		8FA288451CCCC5F700AB9CC5 /* PBXContainerItemProxy */ = {
			isa = PBXContainerItemProxy;
			containerPortal = 8FA288281CCCC5F600AB9CC5 /* Project object */;
			proxyType = 1;
			remoteGlobalIDString = 8FA2882F1CCCC5F600AB9CC5;
			remoteInfo = iAutoLife;
		};
		8FA288501CCCC5F700AB9CC5 /* PBXContainerItemProxy */ = {
			isa = PBXContainerItemProxy;
			containerPortal = 8FA288281CCCC5F600AB9CC5 /* Project object */;
			proxyType = 1;
			remoteGlobalIDString = 8FA2882F1CCCC5F600AB9CC5;
			remoteInfo = iAutoLife;
		};
/* End PBXContainerItemProxy section */

/* Begin PBXFileReference section */
		3221CC876F77F5A824BA728B /* Pods.framework */ = {isa = PBXFileReference; explicitFileType = wrapper.framework; includeInIndex = 0; path = Pods.framework; sourceTree = BUILT_PRODUCTS_DIR; };
		4D04F7281CCE1017000D7805 /* HomeViewController.swift */ = {isa = PBXFileReference; fileEncoding = 4; lastKnownFileType = sourcecode.swift; name = HomeViewController.swift; path = Classes/Main/HomeViewController.swift; sourceTree = "<group>"; };
		4D04F72F1CCE14AD000D7805 /* AlStyle.swift */ = {isa = PBXFileReference; fileEncoding = 4; lastKnownFileType = sourcecode.swift; name = AlStyle.swift; path = Classes/Universal/Custom/AlStyle.swift; sourceTree = "<group>"; };
		4D04F7311CCE153C000D7805 /* UIKit.framework */ = {isa = PBXFileReference; lastKnownFileType = wrapper.framework; name = UIKit.framework; path = System/Library/Frameworks/UIKit.framework; sourceTree = SDKROOT; };
		4D04F7341CCE18D8000D7805 /* SnapKit.framework */ = {isa = PBXFileReference; lastKnownFileType = wrapper.framework; name = SnapKit.framework; path = "../../../../Library/Developer/Xcode/DerivedData/iAutoLife-eromgpbkexdrfmdyznwdzsupkjgo/Build/Products/Debug-iphonesimulator/SnapKit.framework"; sourceTree = "<group>"; };
		4DDF22CC1CCE51E900650564 /* Constant.swift */ = {isa = PBXFileReference; fileEncoding = 4; lastKnownFileType = sourcecode.swift; name = Constant.swift; path = Classes/Universal/Custom/Constant.swift; sourceTree = "<group>"; };
		4DDF22CE1CCE525600650564 /* NormalExtension.swift */ = {isa = PBXFileReference; fileEncoding = 4; lastKnownFileType = sourcecode.swift; name = NormalExtension.swift; path = Classes/Universal/Extension/NormalExtension.swift; sourceTree = "<group>"; };
		4DDF22D01CCE52F700650564 /* XuKeyChain.swift */ = {isa = PBXFileReference; fileEncoding = 4; lastKnownFileType = sourcecode.swift; name = XuKeyChain.swift; path = Classes/Universal/Custom/XuKeyChain.swift; sourceTree = "<group>"; };
		4DDF22D11CCE52F700650564 /* XuRegularExpression.swift */ = {isa = PBXFileReference; fileEncoding = 4; lastKnownFileType = sourcecode.swift; name = XuRegularExpression.swift; path = Classes/Universal/Custom/XuRegularExpression.swift; sourceTree = "<group>"; };
		4DDF22D21CCE52F700650564 /* XuUserDefault.swift */ = {isa = PBXFileReference; fileEncoding = 4; lastKnownFileType = sourcecode.swift; name = XuUserDefault.swift; path = Classes/Universal/Custom/XuUserDefault.swift; sourceTree = "<group>"; };
		4DDF22D61CCE532800650564 /* XuAlamofire.swift */ = {isa = PBXFileReference; fileEncoding = 4; lastKnownFileType = sourcecode.swift; name = XuAlamofire.swift; path = Classes/Universal/Custom/XuAlamofire.swift; sourceTree = "<group>"; };
		4DDF22D81CCE53E900650564 /* XuTableViewSetting.swift */ = {isa = PBXFileReference; fileEncoding = 4; lastKnownFileType = sourcecode.swift; name = XuTableViewSetting.swift; path = Classes/Universal/Extension/XuTableViewSetting.swift; sourceTree = "<group>"; };
		4DDF22DA1CCE544700650564 /* iAutoLife-Bridging-Header.h */ = {isa = PBXFileReference; lastKnownFileType = sourcecode.c.h; path = "iAutoLife-Bridging-Header.h"; sourceTree = "<group>"; };
		4DDF22DB1CCE544800650564 /* UIButton+Block.h */ = {isa = PBXFileReference; fileEncoding = 4; lastKnownFileType = sourcecode.c.h; name = "UIButton+Block.h"; path = "Classes/Universal/Extension/UIButton+Block.h"; sourceTree = "<group>"; };
		4DDF22DC1CCE544800650564 /* UIButton+Block.m */ = {isa = PBXFileReference; fileEncoding = 4; lastKnownFileType = sourcecode.c.objc; name = "UIButton+Block.m"; path = "Classes/Universal/Extension/UIButton+Block.m"; sourceTree = "<group>"; };
		4DDF22DE1CCE545C00650564 /* XuPickerView.swift */ = {isa = PBXFileReference; fileEncoding = 4; lastKnownFileType = sourcecode.swift; name = XuPickerView.swift; path = Classes/Universal/Extension/XuPickerView.swift; sourceTree = "<group>"; };
		4DDF22E11CCE55BB00650564 /* CarInfomation.plist */ = {isa = PBXFileReference; fileEncoding = 4; lastKnownFileType = text.plist.xml; name = CarInfomation.plist; path = Resources/CarInfomation.plist; sourceTree = "<group>"; };
		4DDF22E21CCE55BB00650564 /* Carport.plist */ = {isa = PBXFileReference; fileEncoding = 4; lastKnownFileType = text.plist.xml; name = Carport.plist; path = Resources/Carport.plist; sourceTree = "<group>"; };
		4DDF22E31CCE55BB00650564 /* CarportState.plist */ = {isa = PBXFileReference; fileEncoding = 4; lastKnownFileType = text.plist.xml; name = CarportState.plist; path = Resources/CarportState.plist; sourceTree = "<group>"; };
		4DDF22E41CCE55BB00650564 /* CityAndArea.plist */ = {isa = PBXFileReference; fileEncoding = 4; lastKnownFileType = text.plist.xml; name = CityAndArea.plist; path = Resources/CityAndArea.plist; sourceTree = "<group>"; };
		4DDF22E51CCE55BB00650564 /* ParkingRecord.plist */ = {isa = PBXFileReference; fileEncoding = 4; lastKnownFileType = text.plist.xml; name = ParkingRecord.plist; path = Resources/ParkingRecord.plist; sourceTree = "<group>"; };
		4DDF22E61CCE55BB00650564 /* ParkState.plist */ = {isa = PBXFileReference; fileEncoding = 4; lastKnownFileType = text.plist.xml; name = ParkState.plist; path = Resources/ParkState.plist; sourceTree = "<group>"; };
		4DDF22E71CCE55BB00650564 /* Violations.plist */ = {isa = PBXFileReference; fileEncoding = 4; lastKnownFileType = text.plist.xml; name = Violations.plist; path = Resources/Violations.plist; sourceTree = "<group>"; };
		8FA288301CCCC5F600AB9CC5 /* iAutoLife.app */ = {isa = PBXFileReference; explicitFileType = wrapper.application; includeInIndex = 0; path = iAutoLife.app; sourceTree = BUILT_PRODUCTS_DIR; };
		8FA288331CCCC5F600AB9CC5 /* AppDelegate.swift */ = {isa = PBXFileReference; lastKnownFileType = sourcecode.swift; path = AppDelegate.swift; sourceTree = "<group>"; };
		8FA288351CCCC5F600AB9CC5 /* ViewController.swift */ = {isa = PBXFileReference; lastKnownFileType = sourcecode.swift; path = ViewController.swift; sourceTree = "<group>"; };
		8FA2883A1CCCC5F600AB9CC5 /* Assets.xcassets */ = {isa = PBXFileReference; lastKnownFileType = folder.assetcatalog; path = Assets.xcassets; sourceTree = "<group>"; };
		8FA2883D1CCCC5F600AB9CC5 /* Base */ = {isa = PBXFileReference; lastKnownFileType = file.storyboard; name = Base; path = Base.lproj/LaunchScreen.storyboard; sourceTree = "<group>"; };
		8FA2883F1CCCC5F600AB9CC5 /* Info.plist */ = {isa = PBXFileReference; lastKnownFileType = text.plist.xml; path = Info.plist; sourceTree = "<group>"; };
		8FA288441CCCC5F700AB9CC5 /* iAutoLifeTests.xctest */ = {isa = PBXFileReference; explicitFileType = wrapper.cfbundle; includeInIndex = 0; path = iAutoLifeTests.xctest; sourceTree = BUILT_PRODUCTS_DIR; };
		8FA288481CCCC5F700AB9CC5 /* iAutoLifeTests.swift */ = {isa = PBXFileReference; lastKnownFileType = sourcecode.swift; path = iAutoLifeTests.swift; sourceTree = "<group>"; };
		8FA2884A1CCCC5F700AB9CC5 /* Info.plist */ = {isa = PBXFileReference; lastKnownFileType = text.plist.xml; path = Info.plist; sourceTree = "<group>"; };
		8FA2884F1CCCC5F700AB9CC5 /* iAutoLifeUITests.xctest */ = {isa = PBXFileReference; explicitFileType = wrapper.cfbundle; includeInIndex = 0; path = iAutoLifeUITests.xctest; sourceTree = BUILT_PRODUCTS_DIR; };
		8FA288531CCCC5F700AB9CC5 /* iAutoLifeUITests.swift */ = {isa = PBXFileReference; lastKnownFileType = sourcecode.swift; path = iAutoLifeUITests.swift; sourceTree = "<group>"; };
		8FA288551CCCC5F700AB9CC5 /* Info.plist */ = {isa = PBXFileReference; lastKnownFileType = text.plist.xml; path = Info.plist; sourceTree = "<group>"; };
		8FA288611CCCC6A000AB9CC5 /* MainViewController.swift */ = {isa = PBXFileReference; fileEncoding = 4; lastKnownFileType = sourcecode.swift; name = MainViewController.swift; path = Classes/Main/MainViewController.swift; sourceTree = "<group>"; };
		8FA288631CCCC7BE00AB9CC5 /* SwiftColors.swift */ = {isa = PBXFileReference; fileEncoding = 4; lastKnownFileType = sourcecode.swift; name = SwiftColors.swift; path = Classes/Universal/Extension/SwiftColors.swift; sourceTree = "<group>"; };
		C137E67415BF0BBFAA68DC81 /* Pods.debug.xcconfig */ = {isa = PBXFileReference; includeInIndex = 1; lastKnownFileType = text.xcconfig; name = Pods.debug.xcconfig; path = "Pods/Target Support Files/Pods/Pods.debug.xcconfig"; sourceTree = "<group>"; };
		F51916E82E0454DEBCC14F49 /* Pods.release.xcconfig */ = {isa = PBXFileReference; includeInIndex = 1; lastKnownFileType = text.xcconfig; name = Pods.release.xcconfig; path = "Pods/Target Support Files/Pods/Pods.release.xcconfig"; sourceTree = "<group>"; };
/* End PBXFileReference section */

/* Begin PBXFrameworksBuildPhase section */
		8FA2882D1CCCC5F600AB9CC5 /* Frameworks */ = {
			isa = PBXFrameworksBuildPhase;
			buildActionMask = 2147483647;
			files = (
				4D04F7361CCE1FB4000D7805 /* SnapKit.framework in Frameworks */,
				4D04F7321CCE153C000D7805 /* UIKit.framework in Frameworks */,
				C35AD8F5BF9487E8582ED315 /* Pods.framework in Frameworks */,
			);
			runOnlyForDeploymentPostprocessing = 0;
		};
		8FA288411CCCC5F700AB9CC5 /* Frameworks */ = {
			isa = PBXFrameworksBuildPhase;
			buildActionMask = 2147483647;
			files = (
			);
			runOnlyForDeploymentPostprocessing = 0;
		};
		8FA2884C1CCCC5F700AB9CC5 /* Frameworks */ = {
			isa = PBXFrameworksBuildPhase;
			buildActionMask = 2147483647;
			files = (
			);
			runOnlyForDeploymentPostprocessing = 0;
		};
/* End PBXFrameworksBuildPhase section */

/* Begin PBXGroup section */
		4D04F72A1CCE13F5000D7805 /* Universal */ = {
			isa = PBXGroup;
			children = (
				4D04F72E1CCE1490000D7805 /* Custom */,
				4D04F72B1CCE140F000D7805 /* Extension */,
			);
			name = Universal;
			sourceTree = "<group>";
		};
		4D04F72B1CCE140F000D7805 /* Extension */ = {
			isa = PBXGroup;
			children = (
				4DDF22DB1CCE544800650564 /* UIButton+Block.h */,
				4DDF22DC1CCE544800650564 /* UIButton+Block.m */,
				4DDF22CE1CCE525600650564 /* NormalExtension.swift */,
				8FA288631CCCC7BE00AB9CC5 /* SwiftColors.swift */,
				4DDF22D81CCE53E900650564 /* XuTableViewSetting.swift */,
			);
			name = Extension;
			sourceTree = "<group>";
		};
		4D04F72C1CCE1445000D7805 /* MainFile */ = {
			isa = PBXGroup;
			children = (
				4DDF22DA1CCE544700650564 /* iAutoLife-Bridging-Header.h */,
				8FA2883A1CCCC5F600AB9CC5 /* Assets.xcassets */,
				8FA2883C1CCCC5F600AB9CC5 /* LaunchScreen.storyboard */,
				8FA2883F1CCCC5F600AB9CC5 /* Info.plist */,
				4DDF22E01CCE55A000650564 /* Resources */,
			);
			name = MainFile;
			sourceTree = "<group>";
		};
		4D04F72D1CCE1449000D7805 /* MainClasses */ = {
			isa = PBXGroup;
			children = (
				8FA288611CCCC6A000AB9CC5 /* MainViewController.swift */,
				4D04F7281CCE1017000D7805 /* HomeViewController.swift */,
				8FA288351CCCC5F600AB9CC5 /* ViewController.swift */,
			);
			name = MainClasses;
			sourceTree = "<group>";
		};
		4D04F72E1CCE1490000D7805 /* Custom */ = {
			isa = PBXGroup;
			children = (
				4D04F72F1CCE14AD000D7805 /* AlStyle.swift */,
				4DDF22CC1CCE51E900650564 /* Constant.swift */,
				4DDF22D61CCE532800650564 /* XuAlamofire.swift */,
				4DDF22D01CCE52F700650564 /* XuKeyChain.swift */,
				4DDF22DE1CCE545C00650564 /* XuPickerView.swift */,
				4DDF22D11CCE52F700650564 /* XuRegularExpression.swift */,
				4DDF22D21CCE52F700650564 /* XuUserDefault.swift */,
			);
			name = Custom;
			sourceTree = "<group>";
		};
		4D04F7331CCE1546000D7805 /* Framework */ = {
			isa = PBXGroup;
			children = (
				4D04F7311CCE153C000D7805 /* UIKit.framework */,
			);
			name = Framework;
			sourceTree = "<group>";
		};
		4DDF22E01CCE55A000650564 /* Resources */ = {
			isa = PBXGroup;
			children = (
				4DDF22E11CCE55BB00650564 /* CarInfomation.plist */,
				4DDF22E21CCE55BB00650564 /* Carport.plist */,
				4DDF22E31CCE55BB00650564 /* CarportState.plist */,
				4DDF22E41CCE55BB00650564 /* CityAndArea.plist */,
				4DDF22E51CCE55BB00650564 /* ParkingRecord.plist */,
				4DDF22E61CCE55BB00650564 /* ParkState.plist */,
				4DDF22E71CCE55BB00650564 /* Violations.plist */,
			);
			name = Resources;
			sourceTree = "<group>";
		};
		8FA288271CCCC5F600AB9CC5 = {
			isa = PBXGroup;
			children = (
				8FA288321CCCC5F600AB9CC5 /* iAutoLife */,
				4D04F7331CCE1546000D7805 /* Framework */,
				8FA288471CCCC5F700AB9CC5 /* iAutoLifeTests */,
				8FA288521CCCC5F700AB9CC5 /* iAutoLifeUITests */,
				8FA288311CCCC5F600AB9CC5 /* Products */,
				9F9E12962F1A476E0068781E /* Pods */,
				CE87346985F0846767D5CE5D /* Frameworks */,
			);
			sourceTree = "<group>";
		};
		8FA288311CCCC5F600AB9CC5 /* Products */ = {
			isa = PBXGroup;
			children = (
				8FA288301CCCC5F600AB9CC5 /* iAutoLife.app */,
				8FA288441CCCC5F700AB9CC5 /* iAutoLifeTests.xctest */,
				8FA2884F1CCCC5F700AB9CC5 /* iAutoLifeUITests.xctest */,
			);
			name = Products;
			sourceTree = "<group>";
		};
		8FA288321CCCC5F600AB9CC5 /* iAutoLife */ = {
			isa = PBXGroup;
			children = (
				8FA288331CCCC5F600AB9CC5 /* AppDelegate.swift */,
				4D04F72D1CCE1449000D7805 /* MainClasses */,
				4D04F72A1CCE13F5000D7805 /* Universal */,
				4D04F72C1CCE1445000D7805 /* MainFile */,
			);
			path = iAutoLife;
			sourceTree = "<group>";
		};
		8FA288471CCCC5F700AB9CC5 /* iAutoLifeTests */ = {
			isa = PBXGroup;
			children = (
				8FA288481CCCC5F700AB9CC5 /* iAutoLifeTests.swift */,
				8FA2884A1CCCC5F700AB9CC5 /* Info.plist */,
			);
			path = iAutoLifeTests;
			sourceTree = "<group>";
		};
		8FA288521CCCC5F700AB9CC5 /* iAutoLifeUITests */ = {
			isa = PBXGroup;
			children = (
				8FA288531CCCC5F700AB9CC5 /* iAutoLifeUITests.swift */,
				8FA288551CCCC5F700AB9CC5 /* Info.plist */,
			);
			path = iAutoLifeUITests;
			sourceTree = "<group>";
		};
		9F9E12962F1A476E0068781E /* Pods */ = {
			isa = PBXGroup;
			children = (
				C137E67415BF0BBFAA68DC81 /* Pods.debug.xcconfig */,
				F51916E82E0454DEBCC14F49 /* Pods.release.xcconfig */,
			);
			name = Pods;
			sourceTree = "<group>";
		};
		CE87346985F0846767D5CE5D /* Frameworks */ = {
			isa = PBXGroup;
			children = (
				4D04F7341CCE18D8000D7805 /* SnapKit.framework */,
				3221CC876F77F5A824BA728B /* Pods.framework */,
			);
			name = Frameworks;
			sourceTree = "<group>";
		};
/* End PBXGroup section */

/* Begin PBXNativeTarget section */
		8FA2882F1CCCC5F600AB9CC5 /* iAutoLife */ = {
			isa = PBXNativeTarget;
			buildConfigurationList = 8FA288581CCCC5F700AB9CC5 /* Build configuration list for PBXNativeTarget "iAutoLife" */;
			buildPhases = (
				E32C0FE5980560704AC8A4D3 /* Check Pods Manifest.lock */,
				8FA2882C1CCCC5F600AB9CC5 /* Sources */,
				8FA2882D1CCCC5F600AB9CC5 /* Frameworks */,
				8FA2882E1CCCC5F600AB9CC5 /* Resources */,
				E653CE7E0DD55CF0EDA3D155 /* Embed Pods Frameworks */,
				188C224484FCBE119C641CF1 /* Copy Pods Resources */,
			);
			buildRules = (
			);
			dependencies = (
			);
			name = iAutoLife;
			productName = iAutoLife;
			productReference = 8FA288301CCCC5F600AB9CC5 /* iAutoLife.app */;
			productType = "com.apple.product-type.application";
		};
		8FA288431CCCC5F700AB9CC5 /* iAutoLifeTests */ = {
			isa = PBXNativeTarget;
			buildConfigurationList = 8FA2885B1CCCC5F700AB9CC5 /* Build configuration list for PBXNativeTarget "iAutoLifeTests" */;
			buildPhases = (
				8FA288401CCCC5F700AB9CC5 /* Sources */,
				8FA288411CCCC5F700AB9CC5 /* Frameworks */,
				8FA288421CCCC5F700AB9CC5 /* Resources */,
			);
			buildRules = (
			);
			dependencies = (
				8FA288461CCCC5F700AB9CC5 /* PBXTargetDependency */,
			);
			name = iAutoLifeTests;
			productName = iAutoLifeTests;
			productReference = 8FA288441CCCC5F700AB9CC5 /* iAutoLifeTests.xctest */;
			productType = "com.apple.product-type.bundle.unit-test";
		};
		8FA2884E1CCCC5F700AB9CC5 /* iAutoLifeUITests */ = {
			isa = PBXNativeTarget;
			buildConfigurationList = 8FA2885E1CCCC5F700AB9CC5 /* Build configuration list for PBXNativeTarget "iAutoLifeUITests" */;
			buildPhases = (
				8FA2884B1CCCC5F700AB9CC5 /* Sources */,
				8FA2884C1CCCC5F700AB9CC5 /* Frameworks */,
				8FA2884D1CCCC5F700AB9CC5 /* Resources */,
			);
			buildRules = (
			);
			dependencies = (
				8FA288511CCCC5F700AB9CC5 /* PBXTargetDependency */,
			);
			name = iAutoLifeUITests;
			productName = iAutoLifeUITests;
			productReference = 8FA2884F1CCCC5F700AB9CC5 /* iAutoLifeUITests.xctest */;
			productType = "com.apple.product-type.bundle.ui-testing";
		};
/* End PBXNativeTarget section */

/* Begin PBXProject section */
		8FA288281CCCC5F600AB9CC5 /* Project object */ = {
			isa = PBXProject;
			attributes = {
				LastSwiftUpdateCheck = 0730;
				LastUpgradeCheck = 0730;
				ORGANIZATIONNAME = xubupt218;
				TargetAttributes = {
					8FA2882F1CCCC5F600AB9CC5 = {
						CreatedOnToolsVersion = 7.3;
					};
					8FA288431CCCC5F700AB9CC5 = {
						CreatedOnToolsVersion = 7.3;
						TestTargetID = 8FA2882F1CCCC5F600AB9CC5;
					};
					8FA2884E1CCCC5F700AB9CC5 = {
						CreatedOnToolsVersion = 7.3;
						TestTargetID = 8FA2882F1CCCC5F600AB9CC5;
					};
				};
			};
			buildConfigurationList = 8FA2882B1CCCC5F600AB9CC5 /* Build configuration list for PBXProject "iAutoLife" */;
			compatibilityVersion = "Xcode 3.2";
			developmentRegion = English;
			hasScannedForEncodings = 0;
			knownRegions = (
				en,
				Base,
			);
			mainGroup = 8FA288271CCCC5F600AB9CC5;
			productRefGroup = 8FA288311CCCC5F600AB9CC5 /* Products */;
			projectDirPath = "";
			projectRoot = "";
			targets = (
				8FA2882F1CCCC5F600AB9CC5 /* iAutoLife */,
				8FA288431CCCC5F700AB9CC5 /* iAutoLifeTests */,
				8FA2884E1CCCC5F700AB9CC5 /* iAutoLifeUITests */,
			);
		};
/* End PBXProject section */

/* Begin PBXResourcesBuildPhase section */
		8FA2882E1CCCC5F600AB9CC5 /* Resources */ = {
			isa = PBXResourcesBuildPhase;
			buildActionMask = 2147483647;
			files = (
				4DDF22EE1CCE55BB00650564 /* Violations.plist in Resources */,
				4DDF22EC1CCE55BB00650564 /* ParkingRecord.plist in Resources */,
				4DDF22EB1CCE55BB00650564 /* CityAndArea.plist in Resources */,
				4DDF22ED1CCE55BB00650564 /* ParkState.plist in Resources */,
				4DDF22EA1CCE55BB00650564 /* CarportState.plist in Resources */,
				4D04F7371CCE1FC3000D7805 /* SnapKit.framework in Resources */,
				4DDF22E91CCE55BB00650564 /* Carport.plist in Resources */,
				8FA2883E1CCCC5F600AB9CC5 /* LaunchScreen.storyboard in Resources */,
				8FA2883B1CCCC5F600AB9CC5 /* Assets.xcassets in Resources */,
				4DDF22E81CCE55BB00650564 /* CarInfomation.plist in Resources */,
			);
			runOnlyForDeploymentPostprocessing = 0;
		};
		8FA288421CCCC5F700AB9CC5 /* Resources */ = {
			isa = PBXResourcesBuildPhase;
			buildActionMask = 2147483647;
			files = (
			);
			runOnlyForDeploymentPostprocessing = 0;
		};
		8FA2884D1CCCC5F700AB9CC5 /* Resources */ = {
			isa = PBXResourcesBuildPhase;
			buildActionMask = 2147483647;
			files = (
			);
			runOnlyForDeploymentPostprocessing = 0;
		};
/* End PBXResourcesBuildPhase section */

/* Begin PBXShellScriptBuildPhase section */
		188C224484FCBE119C641CF1 /* Copy Pods Resources */ = {
			isa = PBXShellScriptBuildPhase;
			buildActionMask = 2147483647;
			files = (
			);
			inputPaths = (
			);
			name = "Copy Pods Resources";
			outputPaths = (
			);
			runOnlyForDeploymentPostprocessing = 0;
			shellPath = /bin/sh;
			shellScript = "\"${SRCROOT}/Pods/Target Support Files/Pods/Pods-resources.sh\"\n";
			showEnvVarsInLog = 0;
		};
		E32C0FE5980560704AC8A4D3 /* Check Pods Manifest.lock */ = {
			isa = PBXShellScriptBuildPhase;
			buildActionMask = 2147483647;
			files = (
			);
			inputPaths = (
			);
			name = "Check Pods Manifest.lock";
			outputPaths = (
			);
			runOnlyForDeploymentPostprocessing = 0;
			shellPath = /bin/sh;
			shellScript = "diff \"${PODS_ROOT}/../Podfile.lock\" \"${PODS_ROOT}/Manifest.lock\" > /dev/null\nif [[ $? != 0 ]] ; then\n    cat << EOM\nerror: The sandbox is not in sync with the Podfile.lock. Run 'pod install' or update your CocoaPods installation.\nEOM\n    exit 1\nfi\n";
			showEnvVarsInLog = 0;
		};
		E653CE7E0DD55CF0EDA3D155 /* Embed Pods Frameworks */ = {
			isa = PBXShellScriptBuildPhase;
			buildActionMask = 2147483647;
			files = (
			);
			inputPaths = (
			);
			name = "Embed Pods Frameworks";
			outputPaths = (
			);
			runOnlyForDeploymentPostprocessing = 0;
			shellPath = /bin/sh;
			shellScript = "\"${SRCROOT}/Pods/Target Support Files/Pods/Pods-frameworks.sh\"\n";
			showEnvVarsInLog = 0;
		};
/* End PBXShellScriptBuildPhase section */

/* Begin PBXSourcesBuildPhase section */
		8FA2882C1CCCC5F600AB9CC5 /* Sources */ = {
			isa = PBXSourcesBuildPhase;
			buildActionMask = 2147483647;
			files = (
				4DDF22CD1CCE51E900650564 /* Constant.swift in Sources */,
				4DDF22D51CCE52F700650564 /* XuUserDefault.swift in Sources */,
				4D04F7291CCE1017000D7805 /* HomeViewController.swift in Sources */,
				8FA288621CCCC6A000AB9CC5 /* MainViewController.swift in Sources */,
				8FA288361CCCC5F600AB9CC5 /* ViewController.swift in Sources */,
				4DDF22D71CCE532800650564 /* XuAlamofire.swift in Sources */,
				4DDF22D91CCE53E900650564 /* XuTableViewSetting.swift in Sources */,
				4DDF22DF1CCE545C00650564 /* XuPickerView.swift in Sources */,
				4DDF22D31CCE52F700650564 /* XuKeyChain.swift in Sources */,
				8FA288341CCCC5F600AB9CC5 /* AppDelegate.swift in Sources */,
				4D04F7301CCE14AD000D7805 /* AlStyle.swift in Sources */,
				4DDF22D41CCE52F700650564 /* XuRegularExpression.swift in Sources */,
				4DDF22DD1CCE544800650564 /* UIButton+Block.m in Sources */,
				4DDF22CF1CCE525600650564 /* NormalExtension.swift in Sources */,
				8FA288641CCCC7BE00AB9CC5 /* SwiftColors.swift in Sources */,
			);
			runOnlyForDeploymentPostprocessing = 0;
		};
		8FA288401CCCC5F700AB9CC5 /* Sources */ = {
			isa = PBXSourcesBuildPhase;
			buildActionMask = 2147483647;
			files = (
				8FA288491CCCC5F700AB9CC5 /* iAutoLifeTests.swift in Sources */,
			);
			runOnlyForDeploymentPostprocessing = 0;
		};
		8FA2884B1CCCC5F700AB9CC5 /* Sources */ = {
			isa = PBXSourcesBuildPhase;
			buildActionMask = 2147483647;
			files = (
				8FA288541CCCC5F700AB9CC5 /* iAutoLifeUITests.swift in Sources */,
			);
			runOnlyForDeploymentPostprocessing = 0;
		};
/* End PBXSourcesBuildPhase section */

/* Begin PBXTargetDependency section */
		8FA288461CCCC5F700AB9CC5 /* PBXTargetDependency */ = {
			isa = PBXTargetDependency;
			target = 8FA2882F1CCCC5F600AB9CC5 /* iAutoLife */;
			targetProxy = 8FA288451CCCC5F700AB9CC5 /* PBXContainerItemProxy */;
		};
		8FA288511CCCC5F700AB9CC5 /* PBXTargetDependency */ = {
			isa = PBXTargetDependency;
			target = 8FA2882F1CCCC5F600AB9CC5 /* iAutoLife */;
			targetProxy = 8FA288501CCCC5F700AB9CC5 /* PBXContainerItemProxy */;
		};
/* End PBXTargetDependency section */

/* Begin PBXVariantGroup section */
		8FA2883C1CCCC5F600AB9CC5 /* LaunchScreen.storyboard */ = {
			isa = PBXVariantGroup;
			children = (
				8FA2883D1CCCC5F600AB9CC5 /* Base */,
			);
			name = LaunchScreen.storyboard;
			sourceTree = "<group>";
		};
/* End PBXVariantGroup section */

/* Begin XCBuildConfiguration section */
		8FA288561CCCC5F700AB9CC5 /* Debug */ = {
			isa = XCBuildConfiguration;
			buildSettings = {
				ALWAYS_SEARCH_USER_PATHS = NO;
				CLANG_ANALYZER_NONNULL = YES;
				CLANG_CXX_LANGUAGE_STANDARD = "gnu++0x";
				CLANG_CXX_LIBRARY = "libc++";
				CLANG_ENABLE_MODULES = YES;
				CLANG_ENABLE_OBJC_ARC = YES;
				CLANG_WARN_BOOL_CONVERSION = YES;
				CLANG_WARN_CONSTANT_CONVERSION = YES;
				CLANG_WARN_DIRECT_OBJC_ISA_USAGE = YES_ERROR;
				CLANG_WARN_EMPTY_BODY = YES;
				CLANG_WARN_ENUM_CONVERSION = YES;
				CLANG_WARN_INT_CONVERSION = YES;
				CLANG_WARN_OBJC_ROOT_CLASS = YES_ERROR;
				CLANG_WARN_UNREACHABLE_CODE = YES;
				CLANG_WARN__DUPLICATE_METHOD_MATCH = YES;
				"CODE_SIGN_IDENTITY[sdk=iphoneos*]" = "iPhone Developer";
				COPY_PHASE_STRIP = NO;
				DEBUG_INFORMATION_FORMAT = dwarf;
				ENABLE_STRICT_OBJC_MSGSEND = YES;
				ENABLE_TESTABILITY = YES;
				GCC_C_LANGUAGE_STANDARD = gnu99;
				GCC_DYNAMIC_NO_PIC = NO;
				GCC_NO_COMMON_BLOCKS = YES;
				GCC_OPTIMIZATION_LEVEL = 0;
				GCC_PREPROCESSOR_DEFINITIONS = (
					"DEBUG=1",
					"$(inherited)",
				);
				GCC_WARN_64_TO_32_BIT_CONVERSION = YES;
				GCC_WARN_ABOUT_RETURN_TYPE = YES_ERROR;
				GCC_WARN_UNDECLARED_SELECTOR = YES;
				GCC_WARN_UNINITIALIZED_AUTOS = YES_AGGRESSIVE;
				GCC_WARN_UNUSED_FUNCTION = YES;
				GCC_WARN_UNUSED_VARIABLE = YES;
				IPHONEOS_DEPLOYMENT_TARGET = 9.3;
				MTL_ENABLE_DEBUG_INFO = YES;
				ONLY_ACTIVE_ARCH = YES;
				SDKROOT = iphoneos;
				SWIFT_OPTIMIZATION_LEVEL = "-Onone";
			};
			name = Debug;
		};
		8FA288571CCCC5F700AB9CC5 /* Release */ = {
			isa = XCBuildConfiguration;
			buildSettings = {
				ALWAYS_SEARCH_USER_PATHS = NO;
				CLANG_ANALYZER_NONNULL = YES;
				CLANG_CXX_LANGUAGE_STANDARD = "gnu++0x";
				CLANG_CXX_LIBRARY = "libc++";
				CLANG_ENABLE_MODULES = YES;
				CLANG_ENABLE_OBJC_ARC = YES;
				CLANG_WARN_BOOL_CONVERSION = YES;
				CLANG_WARN_CONSTANT_CONVERSION = YES;
				CLANG_WARN_DIRECT_OBJC_ISA_USAGE = YES_ERROR;
				CLANG_WARN_EMPTY_BODY = YES;
				CLANG_WARN_ENUM_CONVERSION = YES;
				CLANG_WARN_INT_CONVERSION = YES;
				CLANG_WARN_OBJC_ROOT_CLASS = YES_ERROR;
				CLANG_WARN_UNREACHABLE_CODE = YES;
				CLANG_WARN__DUPLICATE_METHOD_MATCH = YES;
				"CODE_SIGN_IDENTITY[sdk=iphoneos*]" = "iPhone Developer";
				COPY_PHASE_STRIP = NO;
				DEBUG_INFORMATION_FORMAT = "dwarf-with-dsym";
				ENABLE_NS_ASSERTIONS = NO;
				ENABLE_STRICT_OBJC_MSGSEND = YES;
				GCC_C_LANGUAGE_STANDARD = gnu99;
				GCC_NO_COMMON_BLOCKS = YES;
				GCC_WARN_64_TO_32_BIT_CONVERSION = YES;
				GCC_WARN_ABOUT_RETURN_TYPE = YES_ERROR;
				GCC_WARN_UNDECLARED_SELECTOR = YES;
				GCC_WARN_UNINITIALIZED_AUTOS = YES_AGGRESSIVE;
				GCC_WARN_UNUSED_FUNCTION = YES;
				GCC_WARN_UNUSED_VARIABLE = YES;
				IPHONEOS_DEPLOYMENT_TARGET = 9.3;
				MTL_ENABLE_DEBUG_INFO = NO;
				SDKROOT = iphoneos;
				VALIDATE_PRODUCT = YES;
			};
			name = Release;
		};
		8FA288591CCCC5F700AB9CC5 /* Debug */ = {
			isa = XCBuildConfiguration;
			baseConfigurationReference = C137E67415BF0BBFAA68DC81 /* Pods.debug.xcconfig */;
			buildSettings = {
				ASSETCATALOG_COMPILER_APPICON_NAME = AppIcon;
				CLANG_ENABLE_MODULES = YES;
				INFOPLIST_FILE = iAutoLife/Info.plist;
				LD_RUNPATH_SEARCH_PATHS = "$(inherited) @executable_path/Frameworks";
				PRODUCT_BUNDLE_IDENTIFIER = Xu.iAutoLife;
				PRODUCT_NAME = "$(TARGET_NAME)";
				SWIFT_OBJC_BRIDGING_HEADER = "iAutoLife/iAutoLife-Bridging-Header.h";
				SWIFT_OPTIMIZATION_LEVEL = "-Onone";
			};
			name = Debug;
		};
		8FA2885A1CCCC5F700AB9CC5 /* Release */ = {
			isa = XCBuildConfiguration;
			baseConfigurationReference = F51916E82E0454DEBCC14F49 /* Pods.release.xcconfig */;
			buildSettings = {
				ASSETCATALOG_COMPILER_APPICON_NAME = AppIcon;
				CLANG_ENABLE_MODULES = YES;
				INFOPLIST_FILE = iAutoLife/Info.plist;
				LD_RUNPATH_SEARCH_PATHS = "$(inherited) @executable_path/Frameworks";
				PRODUCT_BUNDLE_IDENTIFIER = Xu.iAutoLife;
				PRODUCT_NAME = "$(TARGET_NAME)";
				SWIFT_OBJC_BRIDGING_HEADER = "iAutoLife/iAutoLife-Bridging-Header.h";
			};
			name = Release;
		};
		8FA2885C1CCCC5F700AB9CC5 /* Debug */ = {
			isa = XCBuildConfiguration;
			buildSettings = {
				BUNDLE_LOADER = "$(TEST_HOST)";
				INFOPLIST_FILE = iAutoLifeTests/Info.plist;
				LD_RUNPATH_SEARCH_PATHS = "$(inherited) @executable_path/Frameworks @loader_path/Frameworks";
				PRODUCT_BUNDLE_IDENTIFIER = Xu.iAutoLifeTests;
				PRODUCT_NAME = "$(TARGET_NAME)";
				TEST_HOST = "$(BUILT_PRODUCTS_DIR)/iAutoLife.app/iAutoLife";
			};
			name = Debug;
		};
		8FA2885D1CCCC5F700AB9CC5 /* Release */ = {
			isa = XCBuildConfiguration;
			buildSettings = {
				BUNDLE_LOADER = "$(TEST_HOST)";
				INFOPLIST_FILE = iAutoLifeTests/Info.plist;
				LD_RUNPATH_SEARCH_PATHS = "$(inherited) @executable_path/Frameworks @loader_path/Frameworks";
				PRODUCT_BUNDLE_IDENTIFIER = Xu.iAutoLifeTests;
				PRODUCT_NAME = "$(TARGET_NAME)";
				TEST_HOST = "$(BUILT_PRODUCTS_DIR)/iAutoLife.app/iAutoLife";
			};
			name = Release;
		};
		8FA2885F1CCCC5F700AB9CC5 /* Debug */ = {
			isa = XCBuildConfiguration;
			buildSettings = {
				INFOPLIST_FILE = iAutoLifeUITests/Info.plist;
				LD_RUNPATH_SEARCH_PATHS = "$(inherited) @executable_path/Frameworks @loader_path/Frameworks";
				PRODUCT_BUNDLE_IDENTIFIER = Xu.iAutoLifeUITests;
				PRODUCT_NAME = "$(TARGET_NAME)";
				TEST_TARGET_NAME = iAutoLife;
			};
			name = Debug;
		};
		8FA288601CCCC5F700AB9CC5 /* Release */ = {
			isa = XCBuildConfiguration;
			buildSettings = {
				INFOPLIST_FILE = iAutoLifeUITests/Info.plist;
				LD_RUNPATH_SEARCH_PATHS = "$(inherited) @executable_path/Frameworks @loader_path/Frameworks";
				PRODUCT_BUNDLE_IDENTIFIER = Xu.iAutoLifeUITests;
				PRODUCT_NAME = "$(TARGET_NAME)";
				TEST_TARGET_NAME = iAutoLife;
			};
			name = Release;
		};
/* End XCBuildConfiguration section */

/* Begin XCConfigurationList section */
		8FA2882B1CCCC5F600AB9CC5 /* Build configuration list for PBXProject "iAutoLife" */ = {
			isa = XCConfigurationList;
			buildConfigurations = (
				8FA288561CCCC5F700AB9CC5 /* Debug */,
				8FA288571CCCC5F700AB9CC5 /* Release */,
			);
			defaultConfigurationIsVisible = 0;
			defaultConfigurationName = Release;
		};
		8FA288581CCCC5F700AB9CC5 /* Build configuration list for PBXNativeTarget "iAutoLife" */ = {
			isa = XCConfigurationList;
			buildConfigurations = (
				8FA288591CCCC5F700AB9CC5 /* Debug */,
				8FA2885A1CCCC5F700AB9CC5 /* Release */,
			);
			defaultConfigurationIsVisible = 0;
			defaultConfigurationName = Release;
		};
		8FA2885B1CCCC5F700AB9CC5 /* Build configuration list for PBXNativeTarget "iAutoLifeTests" */ = {
			isa = XCConfigurationList;
			buildConfigurations = (
				8FA2885C1CCCC5F700AB9CC5 /* Debug */,
				8FA2885D1CCCC5F700AB9CC5 /* Release */,
			);
			defaultConfigurationIsVisible = 0;
			defaultConfigurationName = Release;
		};
		8FA2885E1CCCC5F700AB9CC5 /* Build configuration list for PBXNativeTarget "iAutoLifeUITests" */ = {
			isa = XCConfigurationList;
			buildConfigurations = (
				8FA2885F1CCCC5F700AB9CC5 /* Debug */,
				8FA288601CCCC5F700AB9CC5 /* Release */,
			);
			defaultConfigurationIsVisible = 0;
			defaultConfigurationName = Release;
		};
/* End XCConfigurationList section */
	};
	rootObject = 8FA288281CCCC5F600AB9CC5 /* Project object */;
}
