// !$*UTF8*$!
{
	archiveVersion = 1;
	classes = {
	};
	objectVersion = 46;
	objects = {

/* Begin PBXBuildFile section */
		8FA288341CCCC5F600AB9CC5 /* AppDelegate.swift in Sources */ = {isa = PBXBuildFile; fileRef = 8FA288331CCCC5F600AB9CC5 /* AppDelegate.swift */; };
		8FA288361CCCC5F600AB9CC5 /* ViewController.swift in Sources */ = {isa = PBXBuildFile; fileRef = 8FA288351CCCC5F600AB9CC5 /* ViewController.swift */; };
		8FA288391CCCC5F600AB9CC5 /* Main.storyboard in Resources */ = {isa = PBXBuildFile; fileRef = 8FA288371CCCC5F600AB9CC5 /* Main.storyboard */; };
		8FA2883B1CCCC5F600AB9CC5 /* Assets.xcassets in Resources */ = {isa = PBXBuildFile; fileRef = 8FA2883A1CCCC5F600AB9CC5 /* Assets.xcassets */; };
		8FA2883E1CCCC5F600AB9CC5 /* LaunchScreen.storyboard in Resources */ = {isa = PBXBuildFile; fileRef = 8FA2883C1CCCC5F600AB9CC5 /* LaunchScreen.storyboard */; };
		8FA288491CCCC5F700AB9CC5 /* iAutoLifeTests.swift in Sources */ = {isa = PBXBuildFile; fileRef = 8FA288481CCCC5F700AB9CC5 /* iAutoLifeTests.swift */; };
		8FA288541CCCC5F700AB9CC5 /* iAutoLifeUITests.swift in Sources */ = {isa = PBXBuildFile; fileRef = 8FA288531CCCC5F700AB9CC5 /* iAutoLifeUITests.swift */; };
/* End PBXBuildFile section */

/* Begin PBXContainerItemProxy section */
		8FA288451CCCC5F700AB9CC5 /* PBXContainerItemProxy */ = {
			isa = PBXContainerItemProxy;
			containerPortal = 8FA288281CCCC5F600AB9CC5 /* Project object */;
			proxyType = 1;
			remoteGlobalIDString = 8FA2882F1CCCC5F600AB9CC5;
			remoteInfo = iAutoLife;
		};
		8FA288501CCCC5F700AB9CC5 /* PBXContainerItemProxy */ = {
			isa = PBXContainerItemProxy;
			containerPortal = 8FA288281CCCC5F600AB9CC5 /* Project object */;
			proxyType = 1;
			remoteGlobalIDString = 8FA2882F1CCCC5F600AB9CC5;
			remoteInfo = iAutoLife;
		};
/* End PBXContainerItemProxy section */

/* Begin PBXFileReference section */
		8FA288301CCCC5F600AB9CC5 /* iAutoLife.app */ = {isa = PBXFileReference; explicitFileType = wrapper.application; includeInIndex = 0; path = iAutoLife.app; sourceTree = BUILT_PRODUCTS_DIR; };
		8FA288331CCCC5F600AB9CC5 /* AppDelegate.swift */ = {isa = PBXFileReference; lastKnownFileType = sourcecode.swift; path = AppDelegate.swift; sourceTree = "<group>"; };
		8FA288351CCCC5F600AB9CC5 /* ViewController.swift */ = {isa = PBXFileReference; lastKnownFileType = sourcecode.swift; path = ViewController.swift; sourceTree = "<group>"; };
		8FA288381CCCC5F600AB9CC5 /* Base */ = {isa = PBXFileReference; lastKnownFileType = file.storyboard; name = Base; path = Base.lproj/Main.storyboard; sourceTree = "<group>"; };
		8FA2883A1CCCC5F600AB9CC5 /* Assets.xcassets */ = {isa = PBXFileReference; lastKnownFileType = folder.assetcatalog; path = Assets.xcassets; sourceTree = "<group>"; };
		8FA2883D1CCCC5F600AB9CC5 /* Base */ = {isa = PBXFileReference; lastKnownFileType = file.storyboard; name = Base; path = Base.lproj/LaunchScreen.storyboard; sourceTree = "<group>"; };
		8FA2883F1CCCC5F600AB9CC5 /* Info.plist */ = {isa = PBXFileReference; lastKnownFileType = text.plist.xml; path = Info.plist; sourceTree = "<group>"; };
		8FA288441CCCC5F700AB9CC5 /* iAutoLifeTests.xctest */ = {isa = PBXFileReference; explicitFileType = wrapper.cfbundle; includeInIndex = 0; path = iAutoLifeTests.xctest; sourceTree = BUILT_PRODUCTS_DIR; };
		8FA288481CCCC5F700AB9CC5 /* iAutoLifeTests.swift */ = {isa = PBXFileReference; lastKnownFileType = sourcecode.swift; path = iAutoLifeTests.swift; sourceTree = "<group>"; };
		8FA2884A1CCCC5F700AB9CC5 /* Info.plist */ = {isa = PBXFileReference; lastKnownFileType = text.plist.xml; path = Info.plist; sourceTree = "<group>"; };
		8FA2884F1CCCC5F700AB9CC5 /* iAutoLifeUITests.xctest */ = {isa = PBXFileReference; explicitFileType = wrapper.cfbundle; includeInIndex = 0; path = iAutoLifeUITests.xctest; sourceTree = BUILT_PRODUCTS_DIR; };
		8FA288531CCCC5F700AB9CC5 /* iAutoLifeUITests.swift */ = {isa = PBXFileReference; lastKnownFileType = sourcecode.swift; path = iAutoLifeUITests.swift; sourceTree = "<group>"; };
		8FA288551CCCC5F700AB9CC5 /* Info.plist */ = {isa = PBXFileReference; lastKnownFileType = text.plist.xml; path = Info.plist; sourceTree = "<group>"; };
/* End PBXFileReference section */

/* Begin PBXFrameworksBuildPhase section */
		8FA2882D1CCCC5F600AB9CC5 /* Frameworks */ = {
			isa = PBXFrameworksBuildPhase;
			buildActionMask = 2147483647;
			files = (
			);
			runOnlyForDeploymentPostprocessing = 0;
		};
		8FA288411CCCC5F700AB9CC5 /* Frameworks */ = {
			isa = PBXFrameworksBuildPhase;
			buildActionMask = 2147483647;
			files = (
			);
			runOnlyForDeploymentPostprocessing = 0;
		};
		8FA2884C1CCCC5F700AB9CC5 /* Frameworks */ = {
			isa = PBXFrameworksBuildPhase;
			buildActionMask = 2147483647;
			files = (
			);
			runOnlyForDeploymentPostprocessing = 0;
		};
/* End PBXFrameworksBuildPhase section */

/* Begin PBXGroup section */
		8FA288271CCCC5F600AB9CC5 = {
			isa = PBXGroup;
			children = (
				8FA288321CCCC5F600AB9CC5 /* iAutoLife */,
				8FA288471CCCC5F700AB9CC5 /* iAutoLifeTests */,
				8FA288521CCCC5F700AB9CC5 /* iAutoLifeUITests */,
				8FA288311CCCC5F600AB9CC5 /* Products */,
			);
			sourceTree = "<group>";
		};
		8FA288311CCCC5F600AB9CC5 /* Products */ = {
			isa = PBXGroup;
			children = (
				8FA288301CCCC5F600AB9CC5 /* iAutoLife.app */,
				8FA288441CCCC5F700AB9CC5 /* iAutoLifeTests.xctest */,
				8FA2884F1CCCC5F700AB9CC5 /* iAutoLifeUITests.xctest */,
			);
			name = Products;
			sourceTree = "<group>";
		};
		8FA288321CCCC5F600AB9CC5 /* iAutoLife */ = {
			isa = PBXGroup;
			children = (
				8FA288331CCCC5F600AB9CC5 /* AppDelegate.swift */,
				8FA288351CCCC5F600AB9CC5 /* ViewController.swift */,
				8FA288371CCCC5F600AB9CC5 /* Main.storyboard */,
				8FA2883A1CCCC5F600AB9CC5 /* Assets.xcassets */,
				8FA2883C1CCCC5F600AB9CC5 /* LaunchScreen.storyboard */,
				8FA2883F1CCCC5F600AB9CC5 /* Info.plist */,
			);
			path = iAutoLife;
			sourceTree = "<group>";
		};
		8FA288471CCCC5F700AB9CC5 /* iAutoLifeTests */ = {
			isa = PBXGroup;
			children = (
				8FA288481CCCC5F700AB9CC5 /* iAutoLifeTests.swift */,
				8FA2884A1CCCC5F700AB9CC5 /* Info.plist */,
			);
			path = iAutoLifeTests;
			sourceTree = "<group>";
		};
		8FA288521CCCC5F700AB9CC5 /* iAutoLifeUITests */ = {
			isa = PBXGroup;
			children = (
				8FA288531CCCC5F700AB9CC5 /* iAutoLifeUITests.swift */,
				8FA288551CCCC5F700AB9CC5 /* Info.plist */,
			);
			path = iAutoLifeUITests;
			sourceTree = "<group>";
		};
/* End PBXGroup section */

/* Begin PBXNativeTarget section */
		8FA2882F1CCCC5F600AB9CC5 /* iAutoLife */ = {
			isa = PBXNativeTarget;
			buildConfigurationList = 8FA288581CCCC5F700AB9CC5 /* Build configuration list for PBXNativeTarget "iAutoLife" */;
			buildPhases = (
				8FA2882C1CCCC5F600AB9CC5 /* Sources */,
				8FA2882D1CCCC5F600AB9CC5 /* Frameworks */,
				8FA2882E1CCCC5F600AB9CC5 /* Resources */,
			);
			buildRules = (
			);
			dependencies = (
			);
			name = iAutoLife;
			productName = iAutoLife;
			productReference = 8FA288301CCCC5F600AB9CC5 /* iAutoLife.app */;
			productType = "com.apple.product-type.application";
		};
		8FA288431CCCC5F700AB9CC5 /* iAutoLifeTests */ = {
			isa = PBXNativeTarget;
			buildConfigurationList = 8FA2885B1CCCC5F700AB9CC5 /* Build configuration list for PBXNativeTarget "iAutoLifeTests" */;
			buildPhases = (
				8FA288401CCCC5F700AB9CC5 /* Sources */,
				8FA288411CCCC5F700AB9CC5 /* Frameworks */,
				8FA288421CCCC5F700AB9CC5 /* Resources */,
			);
			buildRules = (
			);
			dependencies = (
				8FA288461CCCC5F700AB9CC5 /* PBXTargetDependency */,
			);
			name = iAutoLifeTests;
			productName = iAutoLifeTests;
			productReference = 8FA288441CCCC5F700AB9CC5 /* iAutoLifeTests.xctest */;
			productType = "com.apple.product-type.bundle.unit-test";
		};
		8FA2884E1CCCC5F700AB9CC5 /* iAutoLifeUITests */ = {
			isa = PBXNativeTarget;
			buildConfigurationList = 8FA2885E1CCCC5F700AB9CC5 /* Build configuration list for PBXNativeTarget "iAutoLifeUITests" */;
			buildPhases = (
				8FA2884B1CCCC5F700AB9CC5 /* Sources */,
				8FA2884C1CCCC5F700AB9CC5 /* Frameworks */,
				8FA2884D1CCCC5F700AB9CC5 /* Resources */,
			);
			buildRules = (
			);
			dependencies = (
				8FA288511CCCC5F700AB9CC5 /* PBXTargetDependency */,
			);
			name = iAutoLifeUITests;
			productName = iAutoLifeUITests;
			productReference = 8FA2884F1CCCC5F700AB9CC5 /* iAutoLifeUITests.xctest */;
			productType = "com.apple.product-type.bundle.ui-testing";
		};
/* End PBXNativeTarget section */

/* Begin PBXProject section */
		8FA288281CCCC5F600AB9CC5 /* Project object */ = {
			isa = PBXProject;
			attributes = {
				LastSwiftUpdateCheck = 0730;
				LastUpgradeCheck = 0730;
				ORGANIZATIONNAME = xubupt218;
				TargetAttributes = {
					8FA2882F1CCCC5F600AB9CC5 = {
						CreatedOnToolsVersion = 7.3;
					};
					8FA288431CCCC5F700AB9CC5 = {
						CreatedOnToolsVersion = 7.3;
						TestTargetID = 8FA2882F1CCCC5F600AB9CC5;
					};
					8FA2884E1CCCC5F700AB9CC5 = {
						CreatedOnToolsVersion = 7.3;
						TestTargetID = 8FA2882F1CCCC5F600AB9CC5;
					};
				};
			};
			buildConfigurationList = 8FA2882B1CCCC5F600AB9CC5 /* Build configuration list for PBXProject "iAutoLife" */;
			compatibilityVersion = "Xcode 3.2";
			developmentRegion = English;
			hasScannedForEncodings = 0;
			knownRegions = (
				en,
				Base,
			);
			mainGroup = 8FA288271CCCC5F600AB9CC5;
			productRefGroup = 8FA288311CCCC5F600AB9CC5 /* Products */;
			projectDirPath = "";
			projectRoot = "";
			targets = (
				8FA2882F1CCCC5F600AB9CC5 /* iAutoLife */,
				8FA288431CCCC5F700AB9CC5 /* iAutoLifeTests */,
				8FA2884E1CCCC5F700AB9CC5 /* iAutoLifeUITests */,
			);
		};
/* End PBXProject section */

/* Begin PBXResourcesBuildPhase section */
		8FA2882E1CCCC5F600AB9CC5 /* Resources */ = {
			isa = PBXResourcesBuildPhase;
			buildActionMask = 2147483647;
			files = (
				8FA2883E1CCCC5F600AB9CC5 /* LaunchScreen.storyboard in Resources */,
				8FA2883B1CCCC5F600AB9CC5 /* Assets.xcassets in Resources */,
				8FA288391CCCC5F600AB9CC5 /* Main.storyboard in Resources */,
			);
			runOnlyForDeploymentPostprocessing = 0;
		};
		8FA288421CCCC5F700AB9CC5 /* Resources */ = {
			isa = PBXResourcesBuildPhase;
			buildActionMask = 2147483647;
			files = (
			);
			runOnlyForDeploymentPostprocessing = 0;
		};
		8FA2884D1CCCC5F700AB9CC5 /* Resources */ = {
			isa = PBXResourcesBuildPhase;
			buildActionMask = 2147483647;
			files = (
			);
			runOnlyForDeploymentPostprocessing = 0;
		};
/* End PBXResourcesBuildPhase section */

/* Begin PBXSourcesBuildPhase section */
		8FA2882C1CCCC5F600AB9CC5 /* Sources */ = {
			isa = PBXSourcesBuildPhase;
			buildActionMask = 2147483647;
			files = (
				8FA288361CCCC5F600AB9CC5 /* ViewController.swift in Sources */,
				8FA288341CCCC5F600AB9CC5 /* AppDelegate.swift in Sources */,
			);
			runOnlyForDeploymentPostprocessing = 0;
		};
		8FA288401CCCC5F700AB9CC5 /* Sources */ = {
			isa = PBXSourcesBuildPhase;
			buildActionMask = 2147483647;
			files = (
				8FA288491CCCC5F700AB9CC5 /* iAutoLifeTests.swift in Sources */,
			);
			runOnlyForDeploymentPostprocessing = 0;
		};
		8FA2884B1CCCC5F700AB9CC5 /* Sources */ = {
			isa = PBXSourcesBuildPhase;
			buildActionMask = 2147483647;
			files = (
				8FA288541CCCC5F700AB9CC5 /* iAutoLifeUITests.swift in Sources */,
			);
			runOnlyForDeploymentPostprocessing = 0;
		};
/* End PBXSourcesBuildPhase section */

/* Begin PBXTargetDependency section */
		8FA288461CCCC5F700AB9CC5 /* PBXTargetDependency */ = {
			isa = PBXTargetDependency;
			target = 8FA2882F1CCCC5F600AB9CC5 /* iAutoLife */;
			targetProxy = 8FA288451CCCC5F700AB9CC5 /* PBXContainerItemProxy */;
		};
		8FA288511CCCC5F700AB9CC5 /* PBXTargetDependency */ = {
			isa = PBXTargetDependency;
			target = 8FA2882F1CCCC5F600AB9CC5 /* iAutoLife */;
			targetProxy = 8FA288501CCCC5F700AB9CC5 /* PBXContainerItemProxy */;
		};
/* End PBXTargetDependency section */

/* Begin PBXVariantGroup section */
		8FA288371CCCC5F600AB9CC5 /* Main.storyboard */ = {
			isa = PBXVariantGroup;
			children = (
				8FA288381CCCC5F600AB9CC5 /* Base */,
			);
			name = Main.storyboard;
			sourceTree = "<group>";
		};
		8FA2883C1CCCC5F600AB9CC5 /* LaunchScreen.storyboard */ = {
			isa = PBXVariantGroup;
			children = (
				8FA2883D1CCCC5F600AB9CC5 /* Base */,
			);
			name = LaunchScreen.storyboard;
			sourceTree = "<group>";
		};
/* End PBXVariantGroup section */

/* Begin XCBuildConfiguration section */
		8FA288561CCCC5F700AB9CC5 /* Debug */ = {
			isa = XCBuildConfiguration;
			buildSettings = {
				ALWAYS_SEARCH_USER_PATHS = NO;
				CLANG_ANALYZER_NONNULL = YES;
				CLANG_CXX_LANGUAGE_STANDARD = "gnu++0x";
				CLANG_CXX_LIBRARY = "libc++";
				CLANG_ENABLE_MODULES = YES;
				CLANG_ENABLE_OBJC_ARC = YES;
				CLANG_WARN_BOOL_CONVERSION = YES;
				CLANG_WARN_CONSTANT_CONVERSION = YES;
				CLANG_WARN_DIRECT_OBJC_ISA_USAGE = YES_ERROR;
				CLANG_WARN_EMPTY_BODY = YES;
				CLANG_WARN_ENUM_CONVERSION = YES;
				CLANG_WARN_INT_CONVERSION = YES;
				CLANG_WARN_OBJC_ROOT_CLASS = YES_ERROR;
				CLANG_WARN_UNREACHABLE_CODE = YES;
				CLANG_WARN__DUPLICATE_METHOD_MATCH = YES;
				"CODE_SIGN_IDENTITY[sdk=iphoneos*]" = "iPhone Developer";
				COPY_PHASE_STRIP = NO;
				DEBUG_INFORMATION_FORMAT = dwarf;
				ENABLE_STRICT_OBJC_MSGSEND = YES;
				ENABLE_TESTABILITY = YES;
				GCC_C_LANGUAGE_STANDARD = gnu99;
				GCC_DYNAMIC_NO_PIC = NO;
				GCC_NO_COMMON_BLOCKS = YES;
				GCC_OPTIMIZATION_LEVEL = 0;
				GCC_PREPROCESSOR_DEFINITIONS = (
					"DEBUG=1",
					"$(inherited)",
				);
				GCC_WARN_64_TO_32_BIT_CONVERSION = YES;
				GCC_WARN_ABOUT_RETURN_TYPE = YES_ERROR;
				GCC_WARN_UNDECLARED_SELECTOR = YES;
				GCC_WARN_UNINITIALIZED_AUTOS = YES_AGGRESSIVE;
				GCC_WARN_UNUSED_FUNCTION = YES;
				GCC_WARN_UNUSED_VARIABLE = YES;
				IPHONEOS_DEPLOYMENT_TARGET = 9.3;
				MTL_ENABLE_DEBUG_INFO = YES;
				ONLY_ACTIVE_ARCH = YES;
				SDKROOT = iphoneos;
				SWIFT_OPTIMIZATION_LEVEL = "-Onone";
			};
			name = Debug;
		};
		8FA288571CCCC5F700AB9CC5 /* Release */ = {
			isa = XCBuildConfiguration;
			buildSettings = {
				ALWAYS_SEARCH_USER_PATHS = NO;
				CLANG_ANALYZER_NONNULL = YES;
				CLANG_CXX_LANGUAGE_STANDARD = "gnu++0x";
				CLANG_CXX_LIBRARY = "libc++";
				CLANG_ENABLE_MODULES = YES;
				CLANG_ENABLE_OBJC_ARC = YES;
				CLANG_WARN_BOOL_CONVERSION = YES;
				CLANG_WARN_CONSTANT_CONVERSION = YES;
				CLANG_WARN_DIRECT_OBJC_ISA_USAGE = YES_ERROR;
				CLANG_WARN_EMPTY_BODY = YES;
				CLANG_WARN_ENUM_CONVERSION = YES;
				CLANG_WARN_INT_CONVERSION = YES;
				CLANG_WARN_OBJC_ROOT_CLASS = YES_ERROR;
				CLANG_WARN_UNREACHABLE_CODE = YES;
				CLANG_WARN__DUPLICATE_METHOD_MATCH = YES;
				"CODE_SIGN_IDENTITY[sdk=iphoneos*]" = "iPhone Developer";
				COPY_PHASE_STRIP = NO;
				DEBUG_INFORMATION_FORMAT = "dwarf-with-dsym";
				ENABLE_NS_ASSERTIONS = NO;
				ENABLE_STRICT_OBJC_MSGSEND = YES;
				GCC_C_LANGUAGE_STANDARD = gnu99;
				GCC_NO_COMMON_BLOCKS = YES;
				GCC_WARN_64_TO_32_BIT_CONVERSION = YES;
				GCC_WARN_ABOUT_RETURN_TYPE = YES_ERROR;
				GCC_WARN_UNDECLARED_SELECTOR = YES;
				GCC_WARN_UNINITIALIZED_AUTOS = YES_AGGRESSIVE;
				GCC_WARN_UNUSED_FUNCTION = YES;
				GCC_WARN_UNUSED_VARIABLE = YES;
				IPHONEOS_DEPLOYMENT_TARGET = 9.3;
				MTL_ENABLE_DEBUG_INFO = NO;
				SDKROOT = iphoneos;
				VALIDATE_PRODUCT = YES;
			};
			name = Release;
		};
		8FA288591CCCC5F700AB9CC5 /* Debug */ = {
			isa = XCBuildConfiguration;
			buildSettings = {
				ASSETCATALOG_COMPILER_APPICON_NAME = AppIcon;
				INFOPLIST_FILE = iAutoLife/Info.plist;
				LD_RUNPATH_SEARCH_PATHS = "$(inherited) @executable_path/Frameworks";
				PRODUCT_BUNDLE_IDENTIFIER = Xu.iAutoLife;
				PRODUCT_NAME = "$(TARGET_NAME)";
			};
			name = Debug;
		};
		8FA2885A1CCCC5F700AB9CC5 /* Release */ = {
			isa = XCBuildConfiguration;
			buildSettings = {
				ASSETCATALOG_COMPILER_APPICON_NAME = AppIcon;
				INFOPLIST_FILE = iAutoLife/Info.plist;
				LD_RUNPATH_SEARCH_PATHS = "$(inherited) @executable_path/Frameworks";
				PRODUCT_BUNDLE_IDENTIFIER = Xu.iAutoLife;
				PRODUCT_NAME = "$(TARGET_NAME)";
			};
			name = Release;
		};
		8FA2885C1CCCC5F700AB9CC5 /* Debug */ = {
			isa = XCBuildConfiguration;
			buildSettings = {
				BUNDLE_LOADER = "$(TEST_HOST)";
				INFOPLIST_FILE = iAutoLifeTests/Info.plist;
				LD_RUNPATH_SEARCH_PATHS = "$(inherited) @executable_path/Frameworks @loader_path/Frameworks";
				PRODUCT_BUNDLE_IDENTIFIER = Xu.iAutoLifeTests;
				PRODUCT_NAME = "$(TARGET_NAME)";
				TEST_HOST = "$(BUILT_PRODUCTS_DIR)/iAutoLife.app/iAutoLife";
			};
			name = Debug;
		};
		8FA2885D1CCCC5F700AB9CC5 /* Release */ = {
			isa = XCBuildConfiguration;
			buildSettings = {
				BUNDLE_LOADER = "$(TEST_HOST)";
				INFOPLIST_FILE = iAutoLifeTests/Info.plist;
				LD_RUNPATH_SEARCH_PATHS = "$(inherited) @executable_path/Frameworks @loader_path/Frameworks";
				PRODUCT_BUNDLE_IDENTIFIER = Xu.iAutoLifeTests;
				PRODUCT_NAME = "$(TARGET_NAME)";
				TEST_HOST = "$(BUILT_PRODUCTS_DIR)/iAutoLife.app/iAutoLife";
			};
			name = Release;
		};
		8FA2885F1CCCC5F700AB9CC5 /* Debug */ = {
			isa = XCBuildConfiguration;
			buildSettings = {
				INFOPLIST_FILE = iAutoLifeUITests/Info.plist;
				LD_RUNPATH_SEARCH_PATHS = "$(inherited) @executable_path/Frameworks @loader_path/Frameworks";
				PRODUCT_BUNDLE_IDENTIFIER = Xu.iAutoLifeUITests;
				PRODUCT_NAME = "$(TARGET_NAME)";
				TEST_TARGET_NAME = iAutoLife;
			};
			name = Debug;
		};
		8FA288601CCCC5F700AB9CC5 /* Release */ = {
			isa = XCBuildConfiguration;
			buildSettings = {
				INFOPLIST_FILE = iAutoLifeUITests/Info.plist;
				LD_RUNPATH_SEARCH_PATHS = "$(inherited) @executable_path/Frameworks @loader_path/Frameworks";
				PRODUCT_BUNDLE_IDENTIFIER = Xu.iAutoLifeUITests;
				PRODUCT_NAME = "$(TARGET_NAME)";
				TEST_TARGET_NAME = iAutoLife;
			};
			name = Release;
		};
/* End XCBuildConfiguration section */

/* Begin XCConfigurationList section */
		8FA2882B1CCCC5F600AB9CC5 /* Build configuration list for PBXProject "iAutoLife" */ = {
			isa = XCConfigurationList;
			buildConfigurations = (
				8FA288561CCCC5F700AB9CC5 /* Debug */,
				8FA288571CCCC5F700AB9CC5 /* Release */,
			);
			defaultConfigurationIsVisible = 0;
			defaultConfigurationName = Release;
		};
		8FA288581CCCC5F700AB9CC5 /* Build configuration list for PBXNativeTarget "iAutoLife" */ = {
			isa = XCConfigurationList;
			buildConfigurations = (
				8FA288591CCCC5F700AB9CC5 /* Debug */,
				8FA2885A1CCCC5F700AB9CC5 /* Release */,
			);
			defaultConfigurationIsVisible = 0;
		};
		8FA2885B1CCCC5F700AB9CC5 /* Build configuration list for PBXNativeTarget "iAutoLifeTests" */ = {
			isa = XCConfigurationList;
			buildConfigurations = (
				8FA2885C1CCCC5F700AB9CC5 /* Debug */,
				8FA2885D1CCCC5F700AB9CC5 /* Release */,
			);
			defaultConfigurationIsVisible = 0;
		};
		8FA2885E1CCCC5F700AB9CC5 /* Build configuration list for PBXNativeTarget "iAutoLifeUITests" */ = {
			isa = XCConfigurationList;
			buildConfigurations = (
				8FA2885F1CCCC5F700AB9CC5 /* Debug */,
				8FA288601CCCC5F700AB9CC5 /* Release */,
			);
			defaultConfigurationIsVisible = 0;
		};
/* End XCConfigurationList section */
	};
	rootObject = 8FA288281CCCC5F600AB9CC5 /* Project object */;
}
